
Microsoft Visual Studio Solution File, Format Version 12.00
# Visual Studio Version 16
VisualStudioVersion = 16.0.30621.155
MinimumVisualStudioVersion = 10.0.40219.1
Project("{FAE04EC0-301F-11D3-BF4B-00C04F79EFBC}") = "MVC_CRUD", "MVC_CRUD\MVC_CRUD.csproj", "{5C1C86AE-2C04-4944-996F-7E3339C0E519}"
EndProject
Global
	GlobalSection(SolutionConfigurationPlatforms) = preSolution
		Debug|Any CPU = Debug|Any CPU
		Release|Any CPU = Release|Any CPU
	EndGlobalSection
	GlobalSection(ProjectConfigurationPlatforms) = postSolution
		{5C1C86AE-2C04-4944-996F-7E3339C0E519}.Debug|Any CPU.ActiveCfg = Debug|Any CPU
		{5C1C86AE-2C04-4944-996F-7E3339C0E519}.Debug|Any CPU.Build.0 = Debug|Any CPU
		{5C1C86AE-2C04-4944-996F-7E3339C0E519}.Release|Any CPU.ActiveCfg = Release|Any CPU
		{5C1C86AE-2C04-4944-996F-7E3339C0E519}.Release|Any CPU.Build.0 = Release|Any CPU
	EndGlobalSection
	GlobalSection(SolutionProperties) = preSolution
		HideSolutionNode = FALSE
	EndGlobalSection
	GlobalSection(ExtensibilityGlobals) = postSolution
		SolutionGuid = {FA187123-185F-477B-8863-4DFE85C2BD7C}
	EndGlobalSection
EndGlobal
